
Microsoft Visual Studio Solution File, Format Version 12.00
# Visual Studio Version 17
VisualStudioVersion = 17.10.34916.146
MinimumVisualStudioVersion = 10.0.40219.1
Project("{8BC9CEB8-8B4A-11D0-8D11-00A0C91BC942}") = "ZapClient-Windows", "ZapClient-Windows.vcxproj", "{E8DA4523-43B7-408F-9957-482AAFE9526E}"
EndProject
Global
	GlobalSection(SolutionConfigurationPlatforms) = preSolution
		Debug|x64 = Debug|x64
		Debug|x86 = Debug|x86
		Release|x64 = Release|x64
		Release|x86 = Release|x86
	EndGlobalSection
	GlobalSection(ProjectConfigurationPlatforms) = postSolution
		{E8DA4523-43B7-408F-9957-482AAFE9526E}.Debug|x64.ActiveCfg = Debug|x64
		{E8DA4523-43B7-408F-9957-482AAFE9526E}.Debug|x64.Build.0 = Debug|x64
		{E8DA4523-43B7-408F-9957-482AAFE9526E}.Debug|x86.ActiveCfg = Debug|Win32
		{E8DA4523-43B7-408F-9957-482AAFE9526E}.Debug|x86.Build.0 = Debug|Win32
		{E8DA4523-43B7-408F-9957-482AAFE9526E}.Release|x64.ActiveCfg = Release|x64
		{E8DA4523-43B7-408F-9957-482AAFE9526E}.Release|x64.Build.0 = Release|x64
		{E8DA4523-43B7-408F-9957-482AAFE9526E}.Release|x86.ActiveCfg = Release|Win32
		{E8DA4523-43B7-408F-9957-482AAFE9526E}.Release|x86.Build.0 = Release|Win32
	EndGlobalSection
	GlobalSection(SolutionProperties) = preSolution
		HideSolutionNode = FALSE
	EndGlobalSection
	GlobalSection(ExtensibilityGlobals) = postSolution
		SolutionGuid = {4FED6C9A-2E77-493B-B6FB-90BF838C5C2E}
	EndGlobalSection
EndGlobal
